
Microsoft Visual Studio Solution File, Format Version 12.00
# Visual Studio Version 17
VisualStudioVersion = 17.1.32421.90
MinimumVisualStudioVersion = 10.0.40219.1
Project("{FAE04EC0-301F-11D3-BF4B-00C04F79EFBC}") = "UrlParser", "UrlParser\UrlParser.csproj", "{100A1A61-3367-4A41-922D-07F4DA75B82D}"
EndProject
Global
	GlobalSection(SolutionConfigurationPlatforms) = preSolution
		Debug|Any CPU = Debug|Any CPU
		Release|Any CPU = Release|Any CPU
	EndGlobalSection
	GlobalSection(ProjectConfigurationPlatforms) = postSolution
		{100A1A61-3367-4A41-922D-07F4DA75B82D}.Debug|Any CPU.ActiveCfg = Debug|Any CPU
		{100A1A61-3367-4A41-922D-07F4DA75B82D}.Debug|Any CPU.Build.0 = Debug|Any CPU
		{100A1A61-3367-4A41-922D-07F4DA75B82D}.Release|Any CPU.ActiveCfg = Release|Any CPU
		{100A1A61-3367-4A41-922D-07F4DA75B82D}.Release|Any CPU.Build.0 = Release|Any CPU
	EndGlobalSection
	GlobalSection(SolutionProperties) = preSolution
		HideSolutionNode = FALSE
	EndGlobalSection
	GlobalSection(ExtensibilityGlobals) = postSolution
		SolutionGuid = {0395E315-5173-4C26-B26E-B8A59C19BCEF}
	EndGlobalSection
EndGlobal
